// !$*UTF8*$!
{
	archiveVersion = 1;
	classes = {
	};
	objectVersion = 46;
	objects = {

/* Begin PBXBuildFile section */
		59F583F6172028B3004EF6AB /* MenuContent.plist in Resources */ = {isa = PBXBuildFile; fileRef = 59F583F5172028B3004EF6AB /* MenuContent.plist */; };
		AB85569B1720048600EF3BDD /* UIKit.framework in Frameworks */ = {isa = PBXBuildFile; fileRef = AB85569A1720048600EF3BDD /* UIKit.framework */; };
		AB85569D1720048600EF3BDD /* Foundation.framework in Frameworks */ = {isa = PBXBuildFile; fileRef = AB85569C1720048600EF3BDD /* Foundation.framework */; };
		AB85569F1720048600EF3BDD /* CoreGraphics.framework in Frameworks */ = {isa = PBXBuildFile; fileRef = AB85569E1720048600EF3BDD /* CoreGraphics.framework */; };
		AB8556A11720048600EF3BDD /* CoreData.framework in Frameworks */ = {isa = PBXBuildFile; fileRef = AB8556A01720048600EF3BDD /* CoreData.framework */; };
		AB8556A71720048600EF3BDD /* InfoPlist.strings in Resources */ = {isa = PBXBuildFile; fileRef = AB8556A51720048600EF3BDD /* InfoPlist.strings */; };
		AB8556A91720048600EF3BDD /* main.m in Sources */ = {isa = PBXBuildFile; fileRef = AB8556A81720048600EF3BDD /* main.m */; };
		AB8556AD1720048600EF3BDD /* IOPAppDelegate.m in Sources */ = {isa = PBXBuildFile; fileRef = AB8556AC1720048600EF3BDD /* IOPAppDelegate.m */; };
		AB8556AF1720048600EF3BDD /* Default.png in Resources */ = {isa = PBXBuildFile; fileRef = AB8556AE1720048600EF3BDD /* Default.png */; };
		AB8556B11720048600EF3BDD /* Default@2x.png in Resources */ = {isa = PBXBuildFile; fileRef = AB8556B01720048600EF3BDD /* Default@2x.png */; };
		AB8556B31720048600EF3BDD /* Default-568h@2x.png in Resources */ = {isa = PBXBuildFile; fileRef = AB8556B21720048600EF3BDD /* Default-568h@2x.png */; };
		AB8556B61720048600EF3BDD /* Miraath.xcdatamodeld in Sources */ = {isa = PBXBuildFile; fileRef = AB8556B41720048600EF3BDD /* Miraath.xcdatamodeld */; };
		AB8556BE1720048600EF3BDD /* SenTestingKit.framework in Frameworks */ = {isa = PBXBuildFile; fileRef = AB8556BD1720048600EF3BDD /* SenTestingKit.framework */; };
		AB8556BF1720048600EF3BDD /* UIKit.framework in Frameworks */ = {isa = PBXBuildFile; fileRef = AB85569A1720048600EF3BDD /* UIKit.framework */; };
		AB8556C01720048600EF3BDD /* Foundation.framework in Frameworks */ = {isa = PBXBuildFile; fileRef = AB85569C1720048600EF3BDD /* Foundation.framework */; };
		AB8556C11720048600EF3BDD /* CoreData.framework in Frameworks */ = {isa = PBXBuildFile; fileRef = AB8556A01720048600EF3BDD /* CoreData.framework */; };
		AB8556C91720048600EF3BDD /* InfoPlist.strings in Resources */ = {isa = PBXBuildFile; fileRef = AB8556C71720048600EF3BDD /* InfoPlist.strings */; };
		AB8556CC1720048600EF3BDD /* MiraathTests.m in Sources */ = {isa = PBXBuildFile; fileRef = AB8556CB1720048600EF3BDD /* MiraathTests.m */; };
		AB8556DD172004A700EF3BDD /* CenterViewController.m in Sources */ = {isa = PBXBuildFile; fileRef = AB8556D6172004A700EF3BDD /* CenterViewController.m */; };
		AB8556DE172004A700EF3BDD /* CenterViewController.m in Sources */ = {isa = PBXBuildFile; fileRef = AB8556D6172004A700EF3BDD /* CenterViewController.m */; };
		AB8556E1172004A700EF3BDD /* SlideOutMenuContainerViewController.m in Sources */ = {isa = PBXBuildFile; fileRef = AB8556DA172004A700EF3BDD /* SlideOutMenuContainerViewController.m */; };
		AB8556E2172004A700EF3BDD /* SlideOutMenuContainerViewController.m in Sources */ = {isa = PBXBuildFile; fileRef = AB8556DA172004A700EF3BDD /* SlideOutMenuContainerViewController.m */; };
		AB8556E3172004A700EF3BDD /* UIViewController+SlideMenu.m in Sources */ = {isa = PBXBuildFile; fileRef = AB8556DC172004A700EF3BDD /* UIViewController+SlideMenu.m */; };
		AB8556E4172004A700EF3BDD /* UIViewController+SlideMenu.m in Sources */ = {isa = PBXBuildFile; fileRef = AB8556DC172004A700EF3BDD /* UIViewController+SlideMenu.m */; };
		AB8556EF172017EB00EF3BDD /* IOPMenuTableViewController.m in Sources */ = {isa = PBXBuildFile; fileRef = AB8556EE172017EB00EF3BDD /* IOPMenuTableViewController.m */; };
		AB8556F0172017EB00EF3BDD /* IOPMenuTableViewController.m in Sources */ = {isa = PBXBuildFile; fileRef = AB8556EE172017EB00EF3BDD /* IOPMenuTableViewController.m */; };
		AB8556F3172034EA00EF3BDD /* IOPRadioViewController.m in Sources */ = {isa = PBXBuildFile; fileRef = AB8556F2172034E900EF3BDD /* IOPRadioViewController.m */; };
		AB8556F4172034EA00EF3BDD /* IOPRadioViewController.m in Sources */ = {isa = PBXBuildFile; fileRef = AB8556F2172034E900EF3BDD /* IOPRadioViewController.m */; };
		AB8556F617203C7100EF3BDD /* AVFoundation.framework in Frameworks */ = {isa = PBXBuildFile; fileRef = AB8556F517203C7100EF3BDD /* AVFoundation.framework */; };
/* End PBXBuildFile section */

/* Begin PBXContainerItemProxy section */
		AB8556C21720048600EF3BDD /* PBXContainerItemProxy */ = {
			isa = PBXContainerItemProxy;
			containerPortal = AB85568F1720048600EF3BDD /* Project object */;
			proxyType = 1;
			remoteGlobalIDString = AB8556961720048600EF3BDD;
			remoteInfo = Miraath;
		};
/* End PBXContainerItemProxy section */

/* Begin PBXFileReference section */
		59F583F5172028B3004EF6AB /* MenuContent.plist */ = {isa = PBXFileReference; fileEncoding = 4; lastKnownFileType = text.plist.xml; path = MenuContent.plist; sourceTree = "<group>"; };
		AB8556971720048600EF3BDD /* Miraath.app */ = {isa = PBXFileReference; explicitFileType = wrapper.application; includeInIndex = 0; path = Miraath.app; sourceTree = BUILT_PRODUCTS_DIR; };
		AB85569A1720048600EF3BDD /* UIKit.framework */ = {isa = PBXFileReference; lastKnownFileType = wrapper.framework; name = UIKit.framework; path = System/Library/Frameworks/UIKit.framework; sourceTree = SDKROOT; };
		AB85569C1720048600EF3BDD /* Foundation.framework */ = {isa = PBXFileReference; lastKnownFileType = wrapper.framework; name = Foundation.framework; path = System/Library/Frameworks/Foundation.framework; sourceTree = SDKROOT; };
		AB85569E1720048600EF3BDD /* CoreGraphics.framework */ = {isa = PBXFileReference; lastKnownFileType = wrapper.framework; name = CoreGraphics.framework; path = System/Library/Frameworks/CoreGraphics.framework; sourceTree = SDKROOT; };
		AB8556A01720048600EF3BDD /* CoreData.framework */ = {isa = PBXFileReference; lastKnownFileType = wrapper.framework; name = CoreData.framework; path = System/Library/Frameworks/CoreData.framework; sourceTree = SDKROOT; };
		AB8556A41720048600EF3BDD /* Miraath-Info.plist */ = {isa = PBXFileReference; lastKnownFileType = text.plist.xml; path = "Miraath-Info.plist"; sourceTree = "<group>"; };
		AB8556A61720048600EF3BDD /* en */ = {isa = PBXFileReference; lastKnownFileType = text.plist.strings; name = en; path = en.lproj/InfoPlist.strings; sourceTree = "<group>"; };
		AB8556A81720048600EF3BDD /* main.m */ = {isa = PBXFileReference; lastKnownFileType = sourcecode.c.objc; path = main.m; sourceTree = "<group>"; };
		AB8556AA1720048600EF3BDD /* Miraath-Prefix.pch */ = {isa = PBXFileReference; lastKnownFileType = sourcecode.c.h; path = "Miraath-Prefix.pch"; sourceTree = "<group>"; };
		AB8556AB1720048600EF3BDD /* IOPAppDelegate.h */ = {isa = PBXFileReference; lastKnownFileType = sourcecode.c.h; path = IOPAppDelegate.h; sourceTree = "<group>"; };
		AB8556AC1720048600EF3BDD /* IOPAppDelegate.m */ = {isa = PBXFileReference; lastKnownFileType = sourcecode.c.objc; path = IOPAppDelegate.m; sourceTree = "<group>"; };
		AB8556AE1720048600EF3BDD /* Default.png */ = {isa = PBXFileReference; lastKnownFileType = image.png; path = Default.png; sourceTree = "<group>"; };
		AB8556B01720048600EF3BDD /* Default@2x.png */ = {isa = PBXFileReference; lastKnownFileType = image.png; path = "Default@2x.png"; sourceTree = "<group>"; };
		AB8556B21720048600EF3BDD /* Default-568h@2x.png */ = {isa = PBXFileReference; lastKnownFileType = image.png; path = "Default-568h@2x.png"; sourceTree = "<group>"; };
		AB8556B51720048600EF3BDD /* Miraath.xcdatamodel */ = {isa = PBXFileReference; lastKnownFileType = wrapper.xcdatamodel; path = Miraath.xcdatamodel; sourceTree = "<group>"; };
		AB8556BC1720048600EF3BDD /* MiraathTests.octest */ = {isa = PBXFileReference; explicitFileType = wrapper.cfbundle; includeInIndex = 0; path = MiraathTests.octest; sourceTree = BUILT_PRODUCTS_DIR; };
		AB8556BD1720048600EF3BDD /* SenTestingKit.framework */ = {isa = PBXFileReference; lastKnownFileType = wrapper.framework; name = SenTestingKit.framework; path = Library/Frameworks/SenTestingKit.framework; sourceTree = DEVELOPER_DIR; };
		AB8556C61720048600EF3BDD /* MiraathTests-Info.plist */ = {isa = PBXFileReference; lastKnownFileType = text.plist.xml; path = "MiraathTests-Info.plist"; sourceTree = "<group>"; };
		AB8556C81720048600EF3BDD /* en */ = {isa = PBXFileReference; lastKnownFileType = text.plist.strings; name = en; path = en.lproj/InfoPlist.strings; sourceTree = "<group>"; };
		AB8556CA1720048600EF3BDD /* MiraathTests.h */ = {isa = PBXFileReference; lastKnownFileType = sourcecode.c.h; path = MiraathTests.h; sourceTree = "<group>"; };
		AB8556CB1720048600EF3BDD /* MiraathTests.m */ = {isa = PBXFileReference; lastKnownFileType = sourcecode.c.objc; path = MiraathTests.m; sourceTree = "<group>"; };
		AB8556D5172004A700EF3BDD /* CenterViewController.h */ = {isa = PBXFileReference; fileEncoding = 4; lastKnownFileType = sourcecode.c.h; path = CenterViewController.h; sourceTree = "<group>"; };
		AB8556D6172004A700EF3BDD /* CenterViewController.m */ = {isa = PBXFileReference; fileEncoding = 4; lastKnownFileType = sourcecode.c.objc; path = CenterViewController.m; sourceTree = "<group>"; };
		AB8556D9172004A700EF3BDD /* SlideOutMenuContainerViewController.h */ = {isa = PBXFileReference; fileEncoding = 4; lastKnownFileType = sourcecode.c.h; path = SlideOutMenuContainerViewController.h; sourceTree = "<group>"; };
		AB8556DA172004A700EF3BDD /* SlideOutMenuContainerViewController.m */ = {isa = PBXFileReference; fileEncoding = 4; lastKnownFileType = sourcecode.c.objc; path = SlideOutMenuContainerViewController.m; sourceTree = "<group>"; };
		AB8556DB172004A700EF3BDD /* UIViewController+SlideMenu.h */ = {isa = PBXFileReference; fileEncoding = 4; lastKnownFileType = sourcecode.c.h; path = "UIViewController+SlideMenu.h"; sourceTree = "<group>"; };
		AB8556DC172004A700EF3BDD /* UIViewController+SlideMenu.m */ = {isa = PBXFileReference; fileEncoding = 4; lastKnownFileType = sourcecode.c.objc; path = "UIViewController+SlideMenu.m"; sourceTree = "<group>"; };
		AB8556ED172017EB00EF3BDD /* IOPMenuTableViewController.h */ = {isa = PBXFileReference; fileEncoding = 4; lastKnownFileType = sourcecode.c.h; path = IOPMenuTableViewController.h; sourceTree = "<group>"; };
		AB8556EE172017EB00EF3BDD /* IOPMenuTableViewController.m */ = {isa = PBXFileReference; fileEncoding = 4; lastKnownFileType = sourcecode.c.objc; path = IOPMenuTableViewController.m; sourceTree = "<group>"; };
		AB8556F1172034E900EF3BDD /* IOPRadioViewController.h */ = {isa = PBXFileReference; fileEncoding = 4; lastKnownFileType = sourcecode.c.h; path = IOPRadioViewController.h; sourceTree = "<group>"; };
		AB8556F2172034E900EF3BDD /* IOPRadioViewController.m */ = {isa = PBXFileReference; fileEncoding = 4; lastKnownFileType = sourcecode.c.objc; path = IOPRadioViewController.m; sourceTree = "<group>"; };
		AB8556F517203C7100EF3BDD /* AVFoundation.framework */ = {isa = PBXFileReference; lastKnownFileType = wrapper.framework; name = AVFoundation.framework; path = System/Library/Frameworks/AVFoundation.framework; sourceTree = SDKROOT; };
/* End PBXFileReference section */

/* Begin PBXFrameworksBuildPhase section */
		AB8556941720048600EF3BDD /* Frameworks */ = {
			isa = PBXFrameworksBuildPhase;
			buildActionMask = 2147483647;
			files = (
				AB8556F617203C7100EF3BDD /* AVFoundation.framework in Frameworks */,
				AB85569B1720048600EF3BDD /* UIKit.framework in Frameworks */,
				AB85569D1720048600EF3BDD /* Foundation.framework in Frameworks */,
				AB85569F1720048600EF3BDD /* CoreGraphics.framework in Frameworks */,
				AB8556A11720048600EF3BDD /* CoreData.framework in Frameworks */,
			);
			runOnlyForDeploymentPostprocessing = 0;
		};
		AB8556B81720048600EF3BDD /* Frameworks */ = {
			isa = PBXFrameworksBuildPhase;
			buildActionMask = 2147483647;
			files = (
				AB8556BE1720048600EF3BDD /* SenTestingKit.framework in Frameworks */,
				AB8556BF1720048600EF3BDD /* UIKit.framework in Frameworks */,
				AB8556C01720048600EF3BDD /* Foundation.framework in Frameworks */,
				AB8556C11720048600EF3BDD /* CoreData.framework in Frameworks */,
			);
			runOnlyForDeploymentPostprocessing = 0;
		};
/* End PBXFrameworksBuildPhase section */

/* Begin PBXGroup section */
		AB85568E1720048600EF3BDD = {
			isa = PBXGroup;
			children = (
				AB8556A21720048600EF3BDD /* Miraath */,
				AB8556C41720048600EF3BDD /* MiraathTests */,
				AB8556991720048600EF3BDD /* Frameworks */,
				AB8556981720048600EF3BDD /* Products */,
			);
			sourceTree = "<group>";
		};
		AB8556981720048600EF3BDD /* Products */ = {
			isa = PBXGroup;
			children = (
				AB8556971720048600EF3BDD /* Miraath.app */,
				AB8556BC1720048600EF3BDD /* MiraathTests.octest */,
			);
			name = Products;
			sourceTree = "<group>";
		};
		AB8556991720048600EF3BDD /* Frameworks */ = {
			isa = PBXGroup;
			children = (
				AB8556F517203C7100EF3BDD /* AVFoundation.framework */,
				AB85569A1720048600EF3BDD /* UIKit.framework */,
				AB85569C1720048600EF3BDD /* Foundation.framework */,
				AB85569E1720048600EF3BDD /* CoreGraphics.framework */,
				AB8556A01720048600EF3BDD /* CoreData.framework */,
				AB8556BD1720048600EF3BDD /* SenTestingKit.framework */,
			);
			name = Frameworks;
			sourceTree = "<group>";
		};
		AB8556A21720048600EF3BDD /* Miraath */ = {
			isa = PBXGroup;
			children = (
				AB8556E7172004E200EF3BDD /* Model */,
				AB8556E8172004E800EF3BDD /* View */,
				AB8556E5172004AE00EF3BDD /* Controller */,
				AB8556AB1720048600EF3BDD /* IOPAppDelegate.h */,
				AB8556AC1720048600EF3BDD /* IOPAppDelegate.m */,
				AB8556A31720048600EF3BDD /* Supporting Files */,
			);
			path = Miraath;
			sourceTree = "<group>";
		};
		AB8556A31720048600EF3BDD /* Supporting Files */ = {
			isa = PBXGroup;
			children = (
				AB8556E91720127800EF3BDD /* Resources */,
				AB8556A41720048600EF3BDD /* Miraath-Info.plist */,
				AB8556A51720048600EF3BDD /* InfoPlist.strings */,
				AB8556A81720048600EF3BDD /* main.m */,
				AB8556AA1720048600EF3BDD /* Miraath-Prefix.pch */,
				AB8556AE1720048600EF3BDD /* Default.png */,
				AB8556B01720048600EF3BDD /* Default@2x.png */,
				AB8556B21720048600EF3BDD /* Default-568h@2x.png */,
			);
			name = "Supporting Files";
			sourceTree = "<group>";
		};
		AB8556C41720048600EF3BDD /* MiraathTests */ = {
			isa = PBXGroup;
			children = (
				AB8556CA1720048600EF3BDD /* MiraathTests.h */,
				AB8556CB1720048600EF3BDD /* MiraathTests.m */,
				AB8556C51720048600EF3BDD /* Supporting Files */,
			);
			path = MiraathTests;
			sourceTree = "<group>";
		};
		AB8556C51720048600EF3BDD /* Supporting Files */ = {
			isa = PBXGroup;
			children = (
				AB8556C61720048600EF3BDD /* MiraathTests-Info.plist */,
				AB8556C71720048600EF3BDD /* InfoPlist.strings */,
			);
			name = "Supporting Files";
			sourceTree = "<group>";
		};
		AB8556E5172004AE00EF3BDD /* Controller */ = {
			isa = PBXGroup;
			children = (
				AB8556E6172004BD00EF3BDD /* SlideMenu */,
				AB8556ED172017EB00EF3BDD /* IOPMenuTableViewController.h */,
				AB8556EE172017EB00EF3BDD /* IOPMenuTableViewController.m */,
				AB8556F1172034E900EF3BDD /* IOPRadioViewController.h */,
				AB8556F2172034E900EF3BDD /* IOPRadioViewController.m */,
			);
			name = Controller;
			sourceTree = "<group>";
		};
		AB8556E6172004BD00EF3BDD /* SlideMenu */ = {
			isa = PBXGroup;
			children = (
				AB8556D5172004A700EF3BDD /* CenterViewController.h */,
				AB8556D6172004A700EF3BDD /* CenterViewController.m */,
				AB8556D9172004A700EF3BDD /* SlideOutMenuContainerViewController.h */,
				AB8556DA172004A700EF3BDD /* SlideOutMenuContainerViewController.m */,
				AB8556DB172004A700EF3BDD /* UIViewController+SlideMenu.h */,
				AB8556DC172004A700EF3BDD /* UIViewController+SlideMenu.m */,
			);
			name = SlideMenu;
			sourceTree = "<group>";
		};
		AB8556E7172004E200EF3BDD /* Model */ = {
			isa = PBXGroup;
			children = (
				AB8556B41720048600EF3BDD /* Miraath.xcdatamodeld */,
			);
			name = Model;
			sourceTree = "<group>";
		};
		AB8556E8172004E800EF3BDD /* View */ = {
			isa = PBXGroup;
			children = (
			);
			name = View;
			sourceTree = "<group>";
		};
		AB8556E91720127800EF3BDD /* Resources */ = {
			isa = PBXGroup;
			children = (
				59F583F5172028B3004EF6AB /* MenuContent.plist */,
			);
			name = Resources;
			sourceTree = "<group>";
		};
/* End PBXGroup section */

/* Begin PBXNativeTarget section */
		AB8556961720048600EF3BDD /* Miraath */ = {
			isa = PBXNativeTarget;
			buildConfigurationList = AB8556CF1720048600EF3BDD /* Build configuration list for PBXNativeTarget "Miraath" */;
			buildPhases = (
				AB8556931720048600EF3BDD /* Sources */,
				AB8556941720048600EF3BDD /* Frameworks */,
				AB8556951720048600EF3BDD /* Resources */,
			);
			buildRules = (
			);
			dependencies = (
			);
			name = Miraath;
			productName = Miraath;
			productReference = AB8556971720048600EF3BDD /* Miraath.app */;
			productType = "com.apple.product-type.application";
		};
		AB8556BB1720048600EF3BDD /* MiraathTests */ = {
			isa = PBXNativeTarget;
			buildConfigurationList = AB8556D21720048600EF3BDD /* Build configuration list for PBXNativeTarget "MiraathTests" */;
			buildPhases = (
				AB8556B71720048600EF3BDD /* Sources */,
				AB8556B81720048600EF3BDD /* Frameworks */,
				AB8556B91720048600EF3BDD /* Resources */,
				AB8556BA1720048600EF3BDD /* ShellScript */,
			);
			buildRules = (
			);
			dependencies = (
				AB8556C31720048600EF3BDD /* PBXTargetDependency */,
			);
			name = MiraathTests;
			productName = MiraathTests;
			productReference = AB8556BC1720048600EF3BDD /* MiraathTests.octest */;
			productType = "com.apple.product-type.bundle";
		};
/* End PBXNativeTarget section */

/* Begin PBXProject section */
		AB85568F1720048600EF3BDD /* Project object */ = {
			isa = PBXProject;
			attributes = {
				CLASSPREFIX = IOP;
				LastUpgradeCheck = 0460;
				ORGANIZATIONNAME = "Jonathan Flintham";
			};
			buildConfigurationList = AB8556921720048600EF3BDD /* Build configuration list for PBXProject "Miraath" */;
			compatibilityVersion = "Xcode 3.2";
			developmentRegion = English;
			hasScannedForEncodings = 0;
			knownRegions = (
				en,
			);
			mainGroup = AB85568E1720048600EF3BDD;
			productRefGroup = AB8556981720048600EF3BDD /* Products */;
			projectDirPath = "";
			projectRoot = "";
			targets = (
				AB8556961720048600EF3BDD /* Miraath */,
				AB8556BB1720048600EF3BDD /* MiraathTests */,
			);
		};
/* End PBXProject section */

/* Begin PBXResourcesBuildPhase section */
		AB8556951720048600EF3BDD /* Resources */ = {
			isa = PBXResourcesBuildPhase;
			buildActionMask = 2147483647;
			files = (
				AB8556A71720048600EF3BDD /* InfoPlist.strings in Resources */,
				AB8556AF1720048600EF3BDD /* Default.png in Resources */,
				AB8556B11720048600EF3BDD /* Default@2x.png in Resources */,
				AB8556B31720048600EF3BDD /* Default-568h@2x.png in Resources */,
				59F583F6172028B3004EF6AB /* MenuContent.plist in Resources */,
			);
			runOnlyForDeploymentPostprocessing = 0;
		};
		AB8556B91720048600EF3BDD /* Resources */ = {
			isa = PBXResourcesBuildPhase;
			buildActionMask = 2147483647;
			files = (
				AB8556C91720048600EF3BDD /* InfoPlist.strings in Resources */,
			);
			runOnlyForDeploymentPostprocessing = 0;
		};
/* End PBXResourcesBuildPhase section */

/* Begin PBXShellScriptBuildPhase section */
		AB8556BA1720048600EF3BDD /* ShellScript */ = {
			isa = PBXShellScriptBuildPhase;
			buildActionMask = 2147483647;
			files = (
			);
			inputPaths = (
			);
			outputPaths = (
			);
			runOnlyForDeploymentPostprocessing = 0;
			shellPath = /bin/sh;
			shellScript = "# Run the unit tests in this test bundle.\n\"${SYSTEM_DEVELOPER_DIR}/Tools/RunUnitTests\"\n";
		};
/* End PBXShellScriptBuildPhase section */

/* Begin PBXSourcesBuildPhase section */
		AB8556931720048600EF3BDD /* Sources */ = {
			isa = PBXSourcesBuildPhase;
			buildActionMask = 2147483647;
			files = (
				AB8556A91720048600EF3BDD /* main.m in Sources */,
				AB8556AD1720048600EF3BDD /* IOPAppDelegate.m in Sources */,
				AB8556B61720048600EF3BDD /* Miraath.xcdatamodeld in Sources */,
				AB8556DD172004A700EF3BDD /* CenterViewController.m in Sources */,
				AB8556E1172004A700EF3BDD /* SlideOutMenuContainerViewController.m in Sources */,
				AB8556E3172004A700EF3BDD /* UIViewController+SlideMenu.m in Sources */,
				AB8556EF172017EB00EF3BDD /* IOPMenuTableViewController.m in Sources */,
				AB8556F3172034EA00EF3BDD /* IOPRadioViewController.m in Sources */,
			);
			runOnlyForDeploymentPostprocessing = 0;
		};
		AB8556B71720048600EF3BDD /* Sources */ = {
			isa = PBXSourcesBuildPhase;
			buildActionMask = 2147483647;
			files = (
				AB8556CC1720048600EF3BDD /* MiraathTests.m in Sources */,
				AB8556DE172004A700EF3BDD /* CenterViewController.m in Sources */,
				AB8556E2172004A700EF3BDD /* SlideOutMenuContainerViewController.m in Sources */,
				AB8556E4172004A700EF3BDD /* UIViewController+SlideMenu.m in Sources */,
				AB8556F0172017EB00EF3BDD /* IOPMenuTableViewController.m in Sources */,
				AB8556F4172034EA00EF3BDD /* IOPRadioViewController.m in Sources */,
			);
			runOnlyForDeploymentPostprocessing = 0;
		};
/* End PBXSourcesBuildPhase section */

/* Begin PBXTargetDependency section */
		AB8556C31720048600EF3BDD /* PBXTargetDependency */ = {
			isa = PBXTargetDependency;
			target = AB8556961720048600EF3BDD /* Miraath */;
			targetProxy = AB8556C21720048600EF3BDD /* PBXContainerItemProxy */;
		};
/* End PBXTargetDependency section */

/* Begin PBXVariantGroup section */
		AB8556A51720048600EF3BDD /* InfoPlist.strings */ = {
			isa = PBXVariantGroup;
			children = (
				AB8556A61720048600EF3BDD /* en */,
			);
			name = InfoPlist.strings;
			sourceTree = "<group>";
		};
		AB8556C71720048600EF3BDD /* InfoPlist.strings */ = {
			isa = PBXVariantGroup;
			children = (
				AB8556C81720048600EF3BDD /* en */,
			);
			name = InfoPlist.strings;
			sourceTree = "<group>";
		};
/* End PBXVariantGroup section */

/* Begin XCBuildConfiguration section */
		AB8556CD1720048600EF3BDD /* Debug */ = {
			isa = XCBuildConfiguration;
			buildSettings = {
				ALWAYS_SEARCH_USER_PATHS = NO;
				CLANG_CXX_LANGUAGE_STANDARD = "gnu++0x";
				CLANG_CXX_LIBRARY = "libc++";
				CLANG_ENABLE_OBJC_ARC = YES;
				CLANG_WARN_CONSTANT_CONVERSION = YES;
				CLANG_WARN_EMPTY_BODY = YES;
				CLANG_WARN_ENUM_CONVERSION = YES;
				CLANG_WARN_INT_CONVERSION = YES;
				CLANG_WARN__DUPLICATE_METHOD_MATCH = YES;
				"CODE_SIGN_IDENTITY[sdk=iphoneos*]" = "iPhone Developer";
				COPY_PHASE_STRIP = NO;
				GCC_C_LANGUAGE_STANDARD = gnu99;
				GCC_DYNAMIC_NO_PIC = NO;
				GCC_OPTIMIZATION_LEVEL = 0;
				GCC_PREPROCESSOR_DEFINITIONS = (
					"DEBUG=1",
					"$(inherited)",
				);
				GCC_SYMBOLS_PRIVATE_EXTERN = NO;
				GCC_WARN_ABOUT_RETURN_TYPE = YES;
				GCC_WARN_UNINITIALIZED_AUTOS = YES;
				GCC_WARN_UNUSED_VARIABLE = YES;
				IPHONEOS_DEPLOYMENT_TARGET = 6.1;
				ONLY_ACTIVE_ARCH = YES;
				SDKROOT = iphoneos;
				TARGETED_DEVICE_FAMILY = "1,2";
			};
			name = Debug;
		};
		AB8556CE1720048600EF3BDD /* Release */ = {
			isa = XCBuildConfiguration;
			buildSettings = {
				ALWAYS_SEARCH_USER_PATHS = NO;
				CLANG_CXX_LANGUAGE_STANDARD = "gnu++0x";
				CLANG_CXX_LIBRARY = "libc++";
				CLANG_ENABLE_OBJC_ARC = YES;
				CLANG_WARN_CONSTANT_CONVERSION = YES;
				CLANG_WARN_EMPTY_BODY = YES;
				CLANG_WARN_ENUM_CONVERSION = YES;
				CLANG_WARN_INT_CONVERSION = YES;
				CLANG_WARN__DUPLICATE_METHOD_MATCH = YES;
				"CODE_SIGN_IDENTITY[sdk=iphoneos*]" = "iPhone Developer";
				COPY_PHASE_STRIP = YES;
				GCC_C_LANGUAGE_STANDARD = gnu99;
				GCC_WARN_ABOUT_RETURN_TYPE = YES;
				GCC_WARN_UNINITIALIZED_AUTOS = YES;
				GCC_WARN_UNUSED_VARIABLE = YES;
				IPHONEOS_DEPLOYMENT_TARGET = 6.1;
				OTHER_CFLAGS = "-DNS_BLOCK_ASSERTIONS=1";
				SDKROOT = iphoneos;
				TARGETED_DEVICE_FAMILY = "1,2";
				VALIDATE_PRODUCT = YES;
			};
			name = Release;
		};
		AB8556D01720048600EF3BDD /* Debug */ = {
			isa = XCBuildConfiguration;
			buildSettings = {
				GCC_PRECOMPILE_PREFIX_HEADER = YES;
				GCC_PREFIX_HEADER = "Miraath/Miraath-Prefix.pch";
				INFOPLIST_FILE = "Miraath/Miraath-Info.plist";
				PRODUCT_NAME = "$(TARGET_NAME)";
				WRAPPER_EXTENSION = app;
			};
			name = Debug;
		};
		AB8556D11720048600EF3BDD /* Release */ = {
			isa = XCBuildConfiguration;
			buildSettings = {
				GCC_PRECOMPILE_PREFIX_HEADER = YES;
				GCC_PREFIX_HEADER = "Miraath/Miraath-Prefix.pch";
				INFOPLIST_FILE = "Miraath/Miraath-Info.plist";
				PRODUCT_NAME = "$(TARGET_NAME)";
				WRAPPER_EXTENSION = app;
			};
			name = Release;
		};
		AB8556D31720048600EF3BDD /* Debug */ = {
			isa = XCBuildConfiguration;
			buildSettings = {
				BUNDLE_LOADER = "$(BUILT_PRODUCTS_DIR)/Miraath.app/Miraath";
				FRAMEWORK_SEARCH_PATHS = (
					"\"$(SDKROOT)/Developer/Library/Frameworks\"",
					"\"$(DEVELOPER_LIBRARY_DIR)/Frameworks\"",
				);
				GCC_PRECOMPILE_PREFIX_HEADER = YES;
				GCC_PREFIX_HEADER = "Miraath/Miraath-Prefix.pch";
				INFOPLIST_FILE = "MiraathTests/MiraathTests-Info.plist";
				PRODUCT_NAME = "$(TARGET_NAME)";
				TEST_HOST = "$(BUNDLE_LOADER)";
				WRAPPER_EXTENSION = octest;
			};
			name = Debug;
		};
		AB8556D41720048600EF3BDD /* Release */ = {
			isa = XCBuildConfiguration;
			buildSettings = {
				BUNDLE_LOADER = "$(BUILT_PRODUCTS_DIR)/Miraath.app/Miraath";
				FRAMEWORK_SEARCH_PATHS = (
					"\"$(SDKROOT)/Developer/Library/Frameworks\"",
					"\"$(DEVELOPER_LIBRARY_DIR)/Frameworks\"",
				);
				GCC_PRECOMPILE_PREFIX_HEADER = YES;
				GCC_PREFIX_HEADER = "Miraath/Miraath-Prefix.pch";
				INFOPLIST_FILE = "MiraathTests/MiraathTests-Info.plist";
				PRODUCT_NAME = "$(TARGET_NAME)";
				TEST_HOST = "$(BUNDLE_LOADER)";
				WRAPPER_EXTENSION = octest;
			};
			name = Release;
		};
/* End XCBuildConfiguration section */

/* Begin XCConfigurationList section */
		AB8556921720048600EF3BDD /* Build configuration list for PBXProject "Miraath" */ = {
			isa = XCConfigurationList;
			buildConfigurations = (
				AB8556CD1720048600EF3BDD /* Debug */,
				AB8556CE1720048600EF3BDD /* Release */,
			);
			defaultConfigurationIsVisible = 0;
			defaultConfigurationName = Release;
		};
		AB8556CF1720048600EF3BDD /* Build configuration list for PBXNativeTarget "Miraath" */ = {
			isa = XCConfigurationList;
			buildConfigurations = (
				AB8556D01720048600EF3BDD /* Debug */,
				AB8556D11720048600EF3BDD /* Release */,
			);
			defaultConfigurationIsVisible = 0;
			defaultConfigurationName = Release;
		};
		AB8556D21720048600EF3BDD /* Build configuration list for PBXNativeTarget "MiraathTests" */ = {
			isa = XCConfigurationList;
			buildConfigurations = (
				AB8556D31720048600EF3BDD /* Debug */,
				AB8556D41720048600EF3BDD /* Release */,
			);
			defaultConfigurationIsVisible = 0;
			defaultConfigurationName = Release;
		};
/* End XCConfigurationList section */

/* Begin XCVersionGroup section */
		AB8556B41720048600EF3BDD /* Miraath.xcdatamodeld */ = {
			isa = XCVersionGroup;
			children = (
				AB8556B51720048600EF3BDD /* Miraath.xcdatamodel */,
			);
			currentVersion = AB8556B51720048600EF3BDD /* Miraath.xcdatamodel */;
			path = Miraath.xcdatamodeld;
			sourceTree = "<group>";
			versionGroupType = wrapper.xcdatamodel;
		};
/* End XCVersionGroup section */
	};
	rootObject = AB85568F1720048600EF3BDD /* Project object */;
}
